
Microsoft Visual Studio Solution File, Format Version 12.00
# Visual Studio Version 17
VisualStudioVersion = 17.7.34031.279
MinimumVisualStudioVersion = 10.0.40219.1
Project("{FAE04EC0-301F-11D3-BF4B-00C04F79EFBC}") = "test", "test\test.csproj", "{C745CA08-2959-4E1F-AB34-212B4324B3F2}"
EndProject
Global
	GlobalSection(SolutionConfigurationPlatforms) = preSolution
		Debug|Any CPU = Debug|Any CPU
		Release|Any CPU = Release|Any CPU
	EndGlobalSection
	GlobalSection(ProjectConfigurationPlatforms) = postSolution
		{C745CA08-2959-4E1F-AB34-212B4324B3F2}.Debug|Any CPU.ActiveCfg = Debug|Any CPU
		{C745CA08-2959-4E1F-AB34-212B4324B3F2}.Debug|Any CPU.Build.0 = Debug|Any CPU
		{C745CA08-2959-4E1F-AB34-212B4324B3F2}.Release|Any CPU.ActiveCfg = Release|Any CPU
		{C745CA08-2959-4E1F-AB34-212B4324B3F2}.Release|Any CPU.Build.0 = Release|Any CPU
	EndGlobalSection
	GlobalSection(SolutionProperties) = preSolution
		HideSolutionNode = FALSE
	EndGlobalSection
	GlobalSection(ExtensibilityGlobals) = postSolution
		SolutionGuid = {23BDFC71-B5BA-455A-B595-8239E50009AD}
	EndGlobalSection
EndGlobal
